
Microsoft Visual Studio Solution File, Format Version 12.00
# Visual Studio 2012
Project("{FAE04EC0-301F-11D3-BF4B-00C04F79EFBC}") = "BlogSystemCSCB766", "BlogSystemCSCB766\BlogSystemCSCB766.csproj", "{95E3F853-1732-448D-9A95-D36249464F69}"
EndProject
Project("{FAE04EC0-301F-11D3-BF4B-00C04F79EFBC}") = "Blog.Data", "Blog.Data\Blog.Data.csproj", "{FCBF91B2-0B79-47A3-9F3D-690592B1E171}"
EndProject
Global
	GlobalSection(SolutionConfigurationPlatforms) = preSolution
		Debug|Any CPU = Debug|Any CPU
		Release|Any CPU = Release|Any CPU
	EndGlobalSection
	GlobalSection(ProjectConfigurationPlatforms) = postSolution
		{95E3F853-1732-448D-9A95-D36249464F69}.Debug|Any CPU.ActiveCfg = Debug|Any CPU
		{95E3F853-1732-448D-9A95-D36249464F69}.Debug|Any CPU.Build.0 = Debug|Any CPU
		{95E3F853-1732-448D-9A95-D36249464F69}.Release|Any CPU.ActiveCfg = Release|Any CPU
		{95E3F853-1732-448D-9A95-D36249464F69}.Release|Any CPU.Build.0 = Release|Any CPU
		{FCBF91B2-0B79-47A3-9F3D-690592B1E171}.Debug|Any CPU.ActiveCfg = Debug|Any CPU
		{FCBF91B2-0B79-47A3-9F3D-690592B1E171}.Debug|Any CPU.Build.0 = Debug|Any CPU
		{FCBF91B2-0B79-47A3-9F3D-690592B1E171}.Release|Any CPU.ActiveCfg = Release|Any CPU
		{FCBF91B2-0B79-47A3-9F3D-690592B1E171}.Release|Any CPU.Build.0 = Release|Any CPU
	EndGlobalSection
	GlobalSection(SolutionProperties) = preSolution
		HideSolutionNode = FALSE
	EndGlobalSection
EndGlobal
